{
  "nodes": {
    "nixpkgs": {
      "locked": {
        "lastModified": 1656461576,
        "narHash": "sha256-rlmmw6lIlkMQIiB+NsnO8wQYWTfle8TA41UREPLP5VY=",
        "owner": "nixos",
        "repo": "nixpkgs",
        "rev": "cf3ab54b4afe2b7477faa1dd0b65bf74c055d70c",
        "type": "github"
      },
      "original": {
        "owner": "nixos",
        "ref": "nixos-unstable",
        "repo": "nixpkgs",
        "type": "github"
      }
    },
    "readabilitySrc": {
      "flake": false,
      "locked": {
        "lastModified": 1634165750,
        "narHash": "sha256-BKaCDEQK+Dg78MQ8goH2RJuXoPdnLmc9IRTwafVSrho=",
        "owner": "Szczyp",
        "repo": "readability",
        "rev": "dcb334a76d0c622dd2172eccaa8c3939095c993f",
        "type": "github"
      },
      "original": {
        "owner": "Szczyp",
        "ref": "v1.0.3",
        "repo": "readability",
        "type": "github"
      }
    },
    "root": {
      "inputs": {
        "nixpkgs": "nixpkgs",
        "readabilitySrc": "readabilitySrc"
      }
    }
  },
  "root": "root",
  "version": 7
}
