{
  "nodes": {
    "nixpkgs": {
      "locked": {
        "lastModified": 1656461576,
        "narHash": "sha256-rlmmw6lIlkMQIiB+NsnO8wQYWTfle8TA41UREPLP5VY=",
        "owner": "nixos",
        "repo": "nixpkgs",
        "rev": "cf3ab54b4afe2b7477faa1dd0b65bf74c055d70c",
        "type": "github"
      },
      "original": {
        "owner": "nixos",
        "ref": "nixos-unstable",
        "repo": "nixpkgs",
        "type": "github"
      }
    },
    "nixpkgs_2": {
      "locked": {
        "lastModified": 1668650906,
        "narHash": "sha256-rlmmw6lIlkMQIiB+NsnO8wQYWTfle8TA41UREPLP5VY=",
        "owner": "NixOS",
        "repo": "nixpkgs",
        "rev": "cf3ab54b4afe2b7477faa1dd0b65bf74c055d70c",
        "type": "github"
      },
      "original": {
        "id": "nixpkgs",
        "ref": "nixpkgs-unstable",
        "type": "indirect"
      }
    },
    "readability": {
      "inputs": {
        "nixpkgs": "nixpkgs_2"
      },
      "locked": {
        "lastModified": 1668957691,
        "narHash": "sha256-fI7E08s6sALOlni3kr5VIIYSYrlIcUJPzJ0LE9G1xQk=",
        "owner": "Szczyp",
        "repo": "readability",
        "rev": "1ce44d7ca9bb607d179a926196fa836be2055cd1",
        "type": "github"
      },
      "original": {
        "owner": "Szczyp",
        "repo": "readability",
        "type": "github"
      }
    },
    "root": {
      "inputs": {
        "nixpkgs": "nixpkgs",
        "readability": "readability"
      }
    }
  },
  "root": "root",
  "version": 7
}
